
Microsoft Visual Studio Solution File, Format Version 12.00
# Visual Studio Version 16
VisualStudioVersion = 16.0.31702.278
MinimumVisualStudioVersion = 10.0.40219.1
Project("{FAE04EC0-301F-11D3-BF4B-00C04F79EFBC}") = "bearing_catalog", "bearing_catalog.csproj", "{9F7D5C82-04B6-4E6D-8ABD-E54100B9A67D}"
EndProject
Global
	GlobalSection(SolutionConfigurationPlatforms) = preSolution
		Debug|Any CPU = Debug|Any CPU
		Release|Any CPU = Release|Any CPU
	EndGlobalSection
	GlobalSection(ProjectConfigurationPlatforms) = postSolution
		{9F7D5C82-04B6-4E6D-8ABD-E54100B9A67D}.Debug|Any CPU.ActiveCfg = Debug|Any CPU
		{9F7D5C82-04B6-4E6D-8ABD-E54100B9A67D}.Debug|Any CPU.Build.0 = Debug|Any CPU
		{9F7D5C82-04B6-4E6D-8ABD-E54100B9A67D}.Release|Any CPU.ActiveCfg = Release|Any CPU
		{9F7D5C82-04B6-4E6D-8ABD-E54100B9A67D}.Release|Any CPU.Build.0 = Release|Any CPU
	EndGlobalSection
	GlobalSection(SolutionProperties) = preSolution
		HideSolutionNode = FALSE
	EndGlobalSection
	GlobalSection(ExtensibilityGlobals) = postSolution
		SolutionGuid = {B6B3A4E7-1422-4C74-91B6-FC9F77098244}
	EndGlobalSection
EndGlobal
